
Microsoft Visual Studio Solution File, Format Version 12.00
# Visual Studio Version 16
VisualStudioVersion = 16.0.30309.148
MinimumVisualStudioVersion = 10.0.40219.1
Project("{9A19103F-16F7-4668-BE54-9A1E7A4F7556}") = "MyHostedService", "MyHostedService\MyHostedService.csproj", "{CFAD30C2-5F84-4813-B4FE-32FEAD076EE2}"
EndProject
Project("{2150E333-8FDC-42A3-9474-1A3956D46DE8}") = "Solution Items", "Solution Items", "{AC63DA31-9C91-416F-BF94-9719F7759F2B}"
	ProjectSection(SolutionItems) = preProject
		..\README.md = ..\README.md
	EndProjectSection
EndProject
Global
	GlobalSection(SolutionConfigurationPlatforms) = preSolution
		Debug|Any CPU = Debug|Any CPU
		Release|Any CPU = Release|Any CPU
	EndGlobalSection
	GlobalSection(ProjectConfigurationPlatforms) = postSolution
		{CFAD30C2-5F84-4813-B4FE-32FEAD076EE2}.Debug|Any CPU.ActiveCfg = Debug|Any CPU
		{CFAD30C2-5F84-4813-B4FE-32FEAD076EE2}.Debug|Any CPU.Build.0 = Debug|Any CPU
		{CFAD30C2-5F84-4813-B4FE-32FEAD076EE2}.Release|Any CPU.ActiveCfg = Release|Any CPU
		{CFAD30C2-5F84-4813-B4FE-32FEAD076EE2}.Release|Any CPU.Build.0 = Release|Any CPU
	EndGlobalSection
	GlobalSection(SolutionProperties) = preSolution
		HideSolutionNode = FALSE
	EndGlobalSection
	GlobalSection(ExtensibilityGlobals) = postSolution
		SolutionGuid = {F4B43EC3-2AEA-4D9E-A194-2004899C3A2B}
	EndGlobalSection
EndGlobal
